
Microsoft Visual Studio Solution File, Format Version 12.00
# Visual Studio 15
Project("{FAE04EC0-301F-11D3-BF4B-00C04F79EFBC}") = "Oculus.Platform", "Oculus.Platform.csproj", "{731ED8FA-CCE6-E939-7F1E-B05F4B94EE02}"
EndProject
Project("{FAE04EC0-301F-11D3-BF4B-00C04F79EFBC}") = "Assembly-CSharp", "Assembly-CSharp.csproj", "{2B7E52D5-76A4-2564-EB07-F35A52C2D8A9}"
EndProject
Project("{FAE04EC0-301F-11D3-BF4B-00C04F79EFBC}") = "Oculus.Spatializer", "Oculus.Spatializer.csproj", "{3D8E4000-0C49-0BA6-8487-18925BBD5E8F}"
EndProject
Project("{FAE04EC0-301F-11D3-BF4B-00C04F79EFBC}") = "Oculus.Interaction", "Oculus.Interaction.csproj", "{9FD499CF-8343-042A-BA13-3D865EEDBFB0}"
EndProject
Project("{FAE04EC0-301F-11D3-BF4B-00C04F79EFBC}") = "Meta.WitAi", "Meta.WitAi.csproj", "{FF854EA1-5707-CEAB-3095-6D6C18E32167}"
EndProject
Project("{FAE04EC0-301F-11D3-BF4B-00C04F79EFBC}") = "Oculus.Interaction.OVR.Samples", "Oculus.Interaction.OVR.Samples.csproj", "{6FF28F31-ED89-BAC3-B593-EF18ADB7FF28}"
EndProject
Project("{FAE04EC0-301F-11D3-BF4B-00C04F79EFBC}") = "Oculus.VR", "Oculus.VR.csproj", "{47F37D43-E4A1-47A4-FB3E-C8893B547E69}"
EndProject
Project("{FAE04EC0-301F-11D3-BF4B-00C04F79EFBC}") = "VoiceSDK.Dictation.Runtime", "VoiceSDK.Dictation.Runtime.csproj", "{F02B9FCB-D0B6-7B69-345A-22C390A6F0CC}"
EndProject
Project("{FAE04EC0-301F-11D3-BF4B-00C04F79EFBC}") = "Meta.WitAi.TTS", "Meta.WitAi.TTS.csproj", "{604B0D78-8800-B49F-8DBB-271F0A8F4A6F}"
EndProject
Project("{FAE04EC0-301F-11D3-BF4B-00C04F79EFBC}") = "Oculus.AudioManager", "Oculus.AudioManager.csproj", "{8E400081-035A-FA75-9E02-A38F8A8FBF58}"
EndProject
Project("{FAE04EC0-301F-11D3-BF4B-00C04F79EFBC}") = "VoiceSDK.Runtime", "VoiceSDK.Runtime.csproj", "{0F03DE0C-ED98-5815-3DB7-B0407BB42D76}"
EndProject
Project("{FAE04EC0-301F-11D3-BF4B-00C04F79EFBC}") = "Facebook.Wit.Dictation", "Facebook.Wit.Dictation.csproj", "{314C1DC3-44AD-4E4A-31CC-5D2BC3DB6F3E}"
EndProject
Project("{FAE04EC0-301F-11D3-BF4B-00C04F79EFBC}") = "Meta.WitAi.TTS.Samples", "Meta.WitAi.TTS.Samples.csproj", "{A8DD81AF-3C7C-757E-5B64-8C814E2FE6EA}"
EndProject
Project("{FAE04EC0-301F-11D3-BF4B-00C04F79EFBC}") = "Oculus.Voice.Demo", "Oculus.Voice.Demo.csproj", "{A798E931-100D-5FB1-6473-33540EE8D87D}"
EndProject
Project("{FAE04EC0-301F-11D3-BF4B-00C04F79EFBC}") = "Meta.WitAi.Lib", "Meta.WitAi.Lib.csproj", "{4EAE8AB4-529C-6FF2-B314-7549F62477BF}"
EndProject
Project("{FAE04EC0-301F-11D3-BF4B-00C04F79EFBC}") = "Oculus.Interaction.OVR", "Oculus.Interaction.OVR.csproj", "{540B9BB2-917A-9B22-5D2E-4026DD356025}"
EndProject
Project("{FAE04EC0-301F-11D3-BF4B-00C04F79EFBC}") = "AssistantCoreSDKRuntime", "AssistantCoreSDKRuntime.csproj", "{D39AEE98-FBBB-C15B-31C0-D717FCF2329F}"
EndProject
Project("{FAE04EC0-301F-11D3-BF4B-00C04F79EFBC}") = "Meta.WitAi.Conduit", "Meta.WitAi.Conduit.csproj", "{5FE4CAA8-7192-D382-4ACA-4E03A2BA6D47}"
EndProject
Project("{FAE04EC0-301F-11D3-BF4B-00C04F79EFBC}") = "Oculus.LipSync", "Oculus.LipSync.csproj", "{88FD55AA-A91B-D1D2-AA7B-315493E8D0EE}"
EndProject
Project("{FAE04EC0-301F-11D3-BF4B-00C04F79EFBC}") = "Meta.VoiceSDK.Mic.Other", "Meta.VoiceSDK.Mic.Other.csproj", "{677C6C49-D68D-7829-6E44-96AAAA4FD3E8}"
EndProject
Project("{FAE04EC0-301F-11D3-BF4B-00C04F79EFBC}") = "Meta.VoiceSDK.Mic.Common", "Meta.VoiceSDK.Mic.Common.csproj", "{6E81D1C0-E47A-5E7A-3F45-8C0FC4141AC3}"
EndProject
Project("{FAE04EC0-301F-11D3-BF4B-00C04F79EFBC}") = "Meta.WitAi.Editor", "Meta.WitAi.Editor.csproj", "{D94E8F8D-2FF5-96A2-1CAF-C855488192B9}"
EndProject
Project("{FAE04EC0-301F-11D3-BF4B-00C04F79EFBC}") = "Meta.WitAi.Conduit.Editor", "Meta.WitAi.Conduit.Editor.csproj", "{4EE5F31B-E76B-06D2-98D2-05D782E54C9D}"
EndProject
Project("{FAE04EC0-301F-11D3-BF4B-00C04F79EFBC}") = "Oculus.Interaction.Editor", "Oculus.Interaction.Editor.csproj", "{F112D3F6-1B1E-6434-3826-DADC729F8B68}"
EndProject
Project("{FAE04EC0-301F-11D3-BF4B-00C04F79EFBC}") = "Meta.WitAI.Lib.Editor", "Meta.WitAI.Lib.Editor.csproj", "{0C1E9645-8425-2ABA-870C-DDBF63F2B83B}"
EndProject
Project("{FAE04EC0-301F-11D3-BF4B-00C04F79EFBC}") = "Oculus.VR.Editor", "Oculus.VR.Editor.csproj", "{46328C26-A894-0350-BF72-DC21DBD649A0}"
EndProject
Project("{FAE04EC0-301F-11D3-BF4B-00C04F79EFBC}") = "Oculus.Interaction.OVR.Editor", "Oculus.Interaction.OVR.Editor.csproj", "{B2189934-2A9D-C96A-5B80-1B24D45C65DC}"
EndProject
Project("{FAE04EC0-301F-11D3-BF4B-00C04F79EFBC}") = "Assembly-CSharp-Editor", "Assembly-CSharp-Editor.csproj", "{788FCB78-851B-CC5D-D147-8ECF43702F1D}"
EndProject
Project("{FAE04EC0-301F-11D3-BF4B-00C04F79EFBC}") = "Oculus.Interaction.Samples.Editor", "Oculus.Interaction.Samples.Editor.csproj", "{EEF2511D-9F69-590A-D40A-3CC28D22ADCD}"
EndProject
Project("{FAE04EC0-301F-11D3-BF4B-00C04F79EFBC}") = "Oculus.VR.Scripts.Editor", "Oculus.VR.Scripts.Editor.csproj", "{6C027E39-9280-C510-4B3B-705941D899A7}"
EndProject
Project("{FAE04EC0-301F-11D3-BF4B-00C04F79EFBC}") = "VoiceSDK.Editor", "VoiceSDK.Editor.csproj", "{5D66A7C3-09FF-EA36-346A-4E6E8AFC2C89}"
EndProject
Project("{FAE04EC0-301F-11D3-BF4B-00C04F79EFBC}") = "Oculus.Spatializer.Editor", "Oculus.Spatializer.Editor.csproj", "{277DC5BA-AEF2-CADA-F6BF-29F63FD19DAF}"
EndProject
Project("{FAE04EC0-301F-11D3-BF4B-00C04F79EFBC}") = "Meta.WitAi.TTS.Editor", "Meta.WitAi.TTS.Editor.csproj", "{5B63BEB5-6B92-7BBC-BCE3-9EF0F83A2872}"
EndProject
Project("{FAE04EC0-301F-11D3-BF4B-00C04F79EFBC}") = "Facebook.Wit.Dictation.Editor", "Facebook.Wit.Dictation.Editor.csproj", "{04ADBD8E-F4CE-DD53-8C4D-F0BC53FA6C21}"
EndProject
Project("{FAE04EC0-301F-11D3-BF4B-00C04F79EFBC}") = "VoiceSDK.Dictation.Editor", "VoiceSDK.Dictation.Editor.csproj", "{AE7BCDC2-A1E8-0C58-FCDD-1FD0D0D5D3B3}"
EndProject
Project("{FAE04EC0-301F-11D3-BF4B-00C04F79EFBC}") = "Oculus.Platform.Editor", "Oculus.Platform.Editor.csproj", "{9724156B-D49B-F385-D882-35401CC39FEA}"
EndProject
Project("{FAE04EC0-301F-11D3-BF4B-00C04F79EFBC}") = "Oculus.AudioManager.Audio.Editor", "Oculus.AudioManager.Audio.Editor.csproj", "{858E1FF7-1ACD-7962-ABA1-92F3C173F1F9}"
EndProject
Project("{FAE04EC0-301F-11D3-BF4B-00C04F79EFBC}") = "Oculus.Interaction.InterfaceSupport", "Oculus.Interaction.InterfaceSupport.csproj", "{84FD572F-6582-917A-7221-1D300A25EB07}"
EndProject
Project("{FAE04EC0-301F-11D3-BF4B-00C04F79EFBC}") = "Oculus.LipSync.Editor", "Oculus.LipSync.Editor.csproj", "{8230188F-A596-7432-F523-EAA3876ABC6A}"
EndProject
Project("{FAE04EC0-301F-11D3-BF4B-00C04F79EFBC}") = "AssistantCoreSDKEditor", "AssistantCoreSDKEditor.csproj", "{72463067-EE7B-F8F6-3A0A-65BA16849D92}"
EndProject
Project("{FAE04EC0-301F-11D3-BF4B-00C04F79EFBC}") = "Oculus.AudioManager.Utils.Editor", "Oculus.AudioManager.Utils.Editor.csproj", "{7C37584C-16BB-07DB-51DD-B2DCA7E3B887}"
EndProject
Global
	GlobalSection(SolutionConfigurationPlatforms) = preSolution
		Debug|Any CPU = Debug|Any CPU
		Release|Any CPU = Release|Any CPU
	EndGlobalSection
	GlobalSection(ProjectConfigurationPlatforms) = postSolution
		{731ED8FA-CCE6-E939-7F1E-B05F4B94EE02}.Debug|Any CPU.ActiveCfg = Debug|Any CPU
		{731ED8FA-CCE6-E939-7F1E-B05F4B94EE02}.Debug|Any CPU.Build.0 = Debug|Any CPU
		{731ED8FA-CCE6-E939-7F1E-B05F4B94EE02}.Release|Any CPU.ActiveCfg = Release|Any CPU
		{731ED8FA-CCE6-E939-7F1E-B05F4B94EE02}.Release|Any CPU.Build.0 = Release|Any CPU
		{2B7E52D5-76A4-2564-EB07-F35A52C2D8A9}.Debug|Any CPU.ActiveCfg = Debug|Any CPU
		{2B7E52D5-76A4-2564-EB07-F35A52C2D8A9}.Debug|Any CPU.Build.0 = Debug|Any CPU
		{2B7E52D5-76A4-2564-EB07-F35A52C2D8A9}.Release|Any CPU.ActiveCfg = Release|Any CPU
		{2B7E52D5-76A4-2564-EB07-F35A52C2D8A9}.Release|Any CPU.Build.0 = Release|Any CPU
		{3D8E4000-0C49-0BA6-8487-18925BBD5E8F}.Debug|Any CPU.ActiveCfg = Debug|Any CPU
		{3D8E4000-0C49-0BA6-8487-18925BBD5E8F}.Debug|Any CPU.Build.0 = Debug|Any CPU
		{3D8E4000-0C49-0BA6-8487-18925BBD5E8F}.Release|Any CPU.ActiveCfg = Release|Any CPU
		{3D8E4000-0C49-0BA6-8487-18925BBD5E8F}.Release|Any CPU.Build.0 = Release|Any CPU
		{9FD499CF-8343-042A-BA13-3D865EEDBFB0}.Debug|Any CPU.ActiveCfg = Debug|Any CPU
		{9FD499CF-8343-042A-BA13-3D865EEDBFB0}.Debug|Any CPU.Build.0 = Debug|Any CPU
		{9FD499CF-8343-042A-BA13-3D865EEDBFB0}.Release|Any CPU.ActiveCfg = Release|Any CPU
		{9FD499CF-8343-042A-BA13-3D865EEDBFB0}.Release|Any CPU.Build.0 = Release|Any CPU
		{FF854EA1-5707-CEAB-3095-6D6C18E32167}.Debug|Any CPU.ActiveCfg = Debug|Any CPU
		{FF854EA1-5707-CEAB-3095-6D6C18E32167}.Debug|Any CPU.Build.0 = Debug|Any CPU
		{FF854EA1-5707-CEAB-3095-6D6C18E32167}.Release|Any CPU.ActiveCfg = Release|Any CPU
		{FF854EA1-5707-CEAB-3095-6D6C18E32167}.Release|Any CPU.Build.0 = Release|Any CPU
		{6FF28F31-ED89-BAC3-B593-EF18ADB7FF28}.Debug|Any CPU.ActiveCfg = Debug|Any CPU
		{6FF28F31-ED89-BAC3-B593-EF18ADB7FF28}.Debug|Any CPU.Build.0 = Debug|Any CPU
		{6FF28F31-ED89-BAC3-B593-EF18ADB7FF28}.Release|Any CPU.ActiveCfg = Release|Any CPU
		{6FF28F31-ED89-BAC3-B593-EF18ADB7FF28}.Release|Any CPU.Build.0 = Release|Any CPU
		{47F37D43-E4A1-47A4-FB3E-C8893B547E69}.Debug|Any CPU.ActiveCfg = Debug|Any CPU
		{47F37D43-E4A1-47A4-FB3E-C8893B547E69}.Debug|Any CPU.Build.0 = Debug|Any CPU
		{47F37D43-E4A1-47A4-FB3E-C8893B547E69}.Release|Any CPU.ActiveCfg = Release|Any CPU
		{47F37D43-E4A1-47A4-FB3E-C8893B547E69}.Release|Any CPU.Build.0 = Release|Any CPU
		{F02B9FCB-D0B6-7B69-345A-22C390A6F0CC}.Debug|Any CPU.ActiveCfg = Debug|Any CPU
		{F02B9FCB-D0B6-7B69-345A-22C390A6F0CC}.Debug|Any CPU.Build.0 = Debug|Any CPU
		{F02B9FCB-D0B6-7B69-345A-22C390A6F0CC}.Release|Any CPU.ActiveCfg = Release|Any CPU
		{F02B9FCB-D0B6-7B69-345A-22C390A6F0CC}.Release|Any CPU.Build.0 = Release|Any CPU
		{604B0D78-8800-B49F-8DBB-271F0A8F4A6F}.Debug|Any CPU.ActiveCfg = Debug|Any CPU
		{604B0D78-8800-B49F-8DBB-271F0A8F4A6F}.Debug|Any CPU.Build.0 = Debug|Any CPU
		{604B0D78-8800-B49F-8DBB-271F0A8F4A6F}.Release|Any CPU.ActiveCfg = Release|Any CPU
		{604B0D78-8800-B49F-8DBB-271F0A8F4A6F}.Release|Any CPU.Build.0 = Release|Any CPU
		{8E400081-035A-FA75-9E02-A38F8A8FBF58}.Debug|Any CPU.ActiveCfg = Debug|Any CPU
		{8E400081-035A-FA75-9E02-A38F8A8FBF58}.Debug|Any CPU.Build.0 = Debug|Any CPU
		{8E400081-035A-FA75-9E02-A38F8A8FBF58}.Release|Any CPU.ActiveCfg = Release|Any CPU
		{8E400081-035A-FA75-9E02-A38F8A8FBF58}.Release|Any CPU.Build.0 = Release|Any CPU
		{0F03DE0C-ED98-5815-3DB7-B0407BB42D76}.Debug|Any CPU.ActiveCfg = Debug|Any CPU
		{0F03DE0C-ED98-5815-3DB7-B0407BB42D76}.Debug|Any CPU.Build.0 = Debug|Any CPU
		{0F03DE0C-ED98-5815-3DB7-B0407BB42D76}.Release|Any CPU.ActiveCfg = Release|Any CPU
		{0F03DE0C-ED98-5815-3DB7-B0407BB42D76}.Release|Any CPU.Build.0 = Release|Any CPU
		{314C1DC3-44AD-4E4A-31CC-5D2BC3DB6F3E}.Debug|Any CPU.ActiveCfg = Debug|Any CPU
		{314C1DC3-44AD-4E4A-31CC-5D2BC3DB6F3E}.Debug|Any CPU.Build.0 = Debug|Any CPU
		{314C1DC3-44AD-4E4A-31CC-5D2BC3DB6F3E}.Release|Any CPU.ActiveCfg = Release|Any CPU
		{314C1DC3-44AD-4E4A-31CC-5D2BC3DB6F3E}.Release|Any CPU.Build.0 = Release|Any CPU
		{A8DD81AF-3C7C-757E-5B64-8C814E2FE6EA}.Debug|Any CPU.ActiveCfg = Debug|Any CPU
		{A8DD81AF-3C7C-757E-5B64-8C814E2FE6EA}.Debug|Any CPU.Build.0 = Debug|Any CPU
		{A8DD81AF-3C7C-757E-5B64-8C814E2FE6EA}.Release|Any CPU.ActiveCfg = Release|Any CPU
		{A8DD81AF-3C7C-757E-5B64-8C814E2FE6EA}.Release|Any CPU.Build.0 = Release|Any CPU
		{A798E931-100D-5FB1-6473-33540EE8D87D}.Debug|Any CPU.ActiveCfg = Debug|Any CPU
		{A798E931-100D-5FB1-6473-33540EE8D87D}.Debug|Any CPU.Build.0 = Debug|Any CPU
		{A798E931-100D-5FB1-6473-33540EE8D87D}.Release|Any CPU.ActiveCfg = Release|Any CPU
		{A798E931-100D-5FB1-6473-33540EE8D87D}.Release|Any CPU.Build.0 = Release|Any CPU
		{4EAE8AB4-529C-6FF2-B314-7549F62477BF}.Debug|Any CPU.ActiveCfg = Debug|Any CPU
		{4EAE8AB4-529C-6FF2-B314-7549F62477BF}.Debug|Any CPU.Build.0 = Debug|Any CPU
		{4EAE8AB4-529C-6FF2-B314-7549F62477BF}.Release|Any CPU.ActiveCfg = Release|Any CPU
		{4EAE8AB4-529C-6FF2-B314-7549F62477BF}.Release|Any CPU.Build.0 = Release|Any CPU
		{540B9BB2-917A-9B22-5D2E-4026DD356025}.Debug|Any CPU.ActiveCfg = Debug|Any CPU
		{540B9BB2-917A-9B22-5D2E-4026DD356025}.Debug|Any CPU.Build.0 = Debug|Any CPU
		{540B9BB2-917A-9B22-5D2E-4026DD356025}.Release|Any CPU.ActiveCfg = Release|Any CPU
		{540B9BB2-917A-9B22-5D2E-4026DD356025}.Release|Any CPU.Build.0 = Release|Any CPU
		{D39AEE98-FBBB-C15B-31C0-D717FCF2329F}.Debug|Any CPU.ActiveCfg = Debug|Any CPU
		{D39AEE98-FBBB-C15B-31C0-D717FCF2329F}.Debug|Any CPU.Build.0 = Debug|Any CPU
		{D39AEE98-FBBB-C15B-31C0-D717FCF2329F}.Release|Any CPU.ActiveCfg = Release|Any CPU
		{D39AEE98-FBBB-C15B-31C0-D717FCF2329F}.Release|Any CPU.Build.0 = Release|Any CPU
		{5FE4CAA8-7192-D382-4ACA-4E03A2BA6D47}.Debug|Any CPU.ActiveCfg = Debug|Any CPU
		{5FE4CAA8-7192-D382-4ACA-4E03A2BA6D47}.Debug|Any CPU.Build.0 = Debug|Any CPU
		{5FE4CAA8-7192-D382-4ACA-4E03A2BA6D47}.Release|Any CPU.ActiveCfg = Release|Any CPU
		{5FE4CAA8-7192-D382-4ACA-4E03A2BA6D47}.Release|Any CPU.Build.0 = Release|Any CPU
		{88FD55AA-A91B-D1D2-AA7B-315493E8D0EE}.Debug|Any CPU.ActiveCfg = Debug|Any CPU
		{88FD55AA-A91B-D1D2-AA7B-315493E8D0EE}.Debug|Any CPU.Build.0 = Debug|Any CPU
		{88FD55AA-A91B-D1D2-AA7B-315493E8D0EE}.Release|Any CPU.ActiveCfg = Release|Any CPU
		{88FD55AA-A91B-D1D2-AA7B-315493E8D0EE}.Release|Any CPU.Build.0 = Release|Any CPU
		{677C6C49-D68D-7829-6E44-96AAAA4FD3E8}.Debug|Any CPU.ActiveCfg = Debug|Any CPU
		{677C6C49-D68D-7829-6E44-96AAAA4FD3E8}.Debug|Any CPU.Build.0 = Debug|Any CPU
		{677C6C49-D68D-7829-6E44-96AAAA4FD3E8}.Release|Any CPU.ActiveCfg = Release|Any CPU
		{677C6C49-D68D-7829-6E44-96AAAA4FD3E8}.Release|Any CPU.Build.0 = Release|Any CPU
		{6E81D1C0-E47A-5E7A-3F45-8C0FC4141AC3}.Debug|Any CPU.ActiveCfg = Debug|Any CPU
		{6E81D1C0-E47A-5E7A-3F45-8C0FC4141AC3}.Debug|Any CPU.Build.0 = Debug|Any CPU
		{6E81D1C0-E47A-5E7A-3F45-8C0FC4141AC3}.Release|Any CPU.ActiveCfg = Release|Any CPU
		{6E81D1C0-E47A-5E7A-3F45-8C0FC4141AC3}.Release|Any CPU.Build.0 = Release|Any CPU
		{D94E8F8D-2FF5-96A2-1CAF-C855488192B9}.Debug|Any CPU.ActiveCfg = Debug|Any CPU
		{D94E8F8D-2FF5-96A2-1CAF-C855488192B9}.Debug|Any CPU.Build.0 = Debug|Any CPU
		{D94E8F8D-2FF5-96A2-1CAF-C855488192B9}.Release|Any CPU.ActiveCfg = Release|Any CPU
		{D94E8F8D-2FF5-96A2-1CAF-C855488192B9}.Release|Any CPU.Build.0 = Release|Any CPU
		{4EE5F31B-E76B-06D2-98D2-05D782E54C9D}.Debug|Any CPU.ActiveCfg = Debug|Any CPU
		{4EE5F31B-E76B-06D2-98D2-05D782E54C9D}.Debug|Any CPU.Build.0 = Debug|Any CPU
		{4EE5F31B-E76B-06D2-98D2-05D782E54C9D}.Release|Any CPU.ActiveCfg = Release|Any CPU
		{4EE5F31B-E76B-06D2-98D2-05D782E54C9D}.Release|Any CPU.Build.0 = Release|Any CPU
		{F112D3F6-1B1E-6434-3826-DADC729F8B68}.Debug|Any CPU.ActiveCfg = Debug|Any CPU
		{F112D3F6-1B1E-6434-3826-DADC729F8B68}.Debug|Any CPU.Build.0 = Debug|Any CPU
		{F112D3F6-1B1E-6434-3826-DADC729F8B68}.Release|Any CPU.ActiveCfg = Release|Any CPU
		{F112D3F6-1B1E-6434-3826-DADC729F8B68}.Release|Any CPU.Build.0 = Release|Any CPU
		{0C1E9645-8425-2ABA-870C-DDBF63F2B83B}.Debug|Any CPU.ActiveCfg = Debug|Any CPU
		{0C1E9645-8425-2ABA-870C-DDBF63F2B83B}.Debug|Any CPU.Build.0 = Debug|Any CPU
		{0C1E9645-8425-2ABA-870C-DDBF63F2B83B}.Release|Any CPU.ActiveCfg = Release|Any CPU
		{0C1E9645-8425-2ABA-870C-DDBF63F2B83B}.Release|Any CPU.Build.0 = Release|Any CPU
		{46328C26-A894-0350-BF72-DC21DBD649A0}.Debug|Any CPU.ActiveCfg = Debug|Any CPU
		{46328C26-A894-0350-BF72-DC21DBD649A0}.Debug|Any CPU.Build.0 = Debug|Any CPU
		{46328C26-A894-0350-BF72-DC21DBD649A0}.Release|Any CPU.ActiveCfg = Release|Any CPU
		{46328C26-A894-0350-BF72-DC21DBD649A0}.Release|Any CPU.Build.0 = Release|Any CPU
		{B2189934-2A9D-C96A-5B80-1B24D45C65DC}.Debug|Any CPU.ActiveCfg = Debug|Any CPU
		{B2189934-2A9D-C96A-5B80-1B24D45C65DC}.Debug|Any CPU.Build.0 = Debug|Any CPU
		{B2189934-2A9D-C96A-5B80-1B24D45C65DC}.Release|Any CPU.ActiveCfg = Release|Any CPU
		{B2189934-2A9D-C96A-5B80-1B24D45C65DC}.Release|Any CPU.Build.0 = Release|Any CPU
		{788FCB78-851B-CC5D-D147-8ECF43702F1D}.Debug|Any CPU.ActiveCfg = Debug|Any CPU
		{788FCB78-851B-CC5D-D147-8ECF43702F1D}.Debug|Any CPU.Build.0 = Debug|Any CPU
		{788FCB78-851B-CC5D-D147-8ECF43702F1D}.Release|Any CPU.ActiveCfg = Release|Any CPU
		{788FCB78-851B-CC5D-D147-8ECF43702F1D}.Release|Any CPU.Build.0 = Release|Any CPU
		{EEF2511D-9F69-590A-D40A-3CC28D22ADCD}.Debug|Any CPU.ActiveCfg = Debug|Any CPU
		{EEF2511D-9F69-590A-D40A-3CC28D22ADCD}.Debug|Any CPU.Build.0 = Debug|Any CPU
		{EEF2511D-9F69-590A-D40A-3CC28D22ADCD}.Release|Any CPU.ActiveCfg = Release|Any CPU
		{EEF2511D-9F69-590A-D40A-3CC28D22ADCD}.Release|Any CPU.Build.0 = Release|Any CPU
		{6C027E39-9280-C510-4B3B-705941D899A7}.Debug|Any CPU.ActiveCfg = Debug|Any CPU
		{6C027E39-9280-C510-4B3B-705941D899A7}.Debug|Any CPU.Build.0 = Debug|Any CPU
		{6C027E39-9280-C510-4B3B-705941D899A7}.Release|Any CPU.ActiveCfg = Release|Any CPU
		{6C027E39-9280-C510-4B3B-705941D899A7}.Release|Any CPU.Build.0 = Release|Any CPU
		{5D66A7C3-09FF-EA36-346A-4E6E8AFC2C89}.Debug|Any CPU.ActiveCfg = Debug|Any CPU
		{5D66A7C3-09FF-EA36-346A-4E6E8AFC2C89}.Debug|Any CPU.Build.0 = Debug|Any CPU
		{5D66A7C3-09FF-EA36-346A-4E6E8AFC2C89}.Release|Any CPU.ActiveCfg = Release|Any CPU
		{5D66A7C3-09FF-EA36-346A-4E6E8AFC2C89}.Release|Any CPU.Build.0 = Release|Any CPU
		{277DC5BA-AEF2-CADA-F6BF-29F63FD19DAF}.Debug|Any CPU.ActiveCfg = Debug|Any CPU
		{277DC5BA-AEF2-CADA-F6BF-29F63FD19DAF}.Debug|Any CPU.Build.0 = Debug|Any CPU
		{277DC5BA-AEF2-CADA-F6BF-29F63FD19DAF}.Release|Any CPU.ActiveCfg = Release|Any CPU
		{277DC5BA-AEF2-CADA-F6BF-29F63FD19DAF}.Release|Any CPU.Build.0 = Release|Any CPU
		{5B63BEB5-6B92-7BBC-BCE3-9EF0F83A2872}.Debug|Any CPU.ActiveCfg = Debug|Any CPU
		{5B63BEB5-6B92-7BBC-BCE3-9EF0F83A2872}.Debug|Any CPU.Build.0 = Debug|Any CPU
		{5B63BEB5-6B92-7BBC-BCE3-9EF0F83A2872}.Release|Any CPU.ActiveCfg = Release|Any CPU
		{5B63BEB5-6B92-7BBC-BCE3-9EF0F83A2872}.Release|Any CPU.Build.0 = Release|Any CPU
		{04ADBD8E-F4CE-DD53-8C4D-F0BC53FA6C21}.Debug|Any CPU.ActiveCfg = Debug|Any CPU
		{04ADBD8E-F4CE-DD53-8C4D-F0BC53FA6C21}.Debug|Any CPU.Build.0 = Debug|Any CPU
		{04ADBD8E-F4CE-DD53-8C4D-F0BC53FA6C21}.Release|Any CPU.ActiveCfg = Release|Any CPU
		{04ADBD8E-F4CE-DD53-8C4D-F0BC53FA6C21}.Release|Any CPU.Build.0 = Release|Any CPU
		{AE7BCDC2-A1E8-0C58-FCDD-1FD0D0D5D3B3}.Debug|Any CPU.ActiveCfg = Debug|Any CPU
		{AE7BCDC2-A1E8-0C58-FCDD-1FD0D0D5D3B3}.Debug|Any CPU.Build.0 = Debug|Any CPU
		{AE7BCDC2-A1E8-0C58-FCDD-1FD0D0D5D3B3}.Release|Any CPU.ActiveCfg = Release|Any CPU
		{AE7BCDC2-A1E8-0C58-FCDD-1FD0D0D5D3B3}.Release|Any CPU.Build.0 = Release|Any CPU
		{9724156B-D49B-F385-D882-35401CC39FEA}.Debug|Any CPU.ActiveCfg = Debug|Any CPU
		{9724156B-D49B-F385-D882-35401CC39FEA}.Debug|Any CPU.Build.0 = Debug|Any CPU
		{9724156B-D49B-F385-D882-35401CC39FEA}.Release|Any CPU.ActiveCfg = Release|Any CPU
		{9724156B-D49B-F385-D882-35401CC39FEA}.Release|Any CPU.Build.0 = Release|Any CPU
		{858E1FF7-1ACD-7962-ABA1-92F3C173F1F9}.Debug|Any CPU.ActiveCfg = Debug|Any CPU
		{858E1FF7-1ACD-7962-ABA1-92F3C173F1F9}.Debug|Any CPU.Build.0 = Debug|Any CPU
		{858E1FF7-1ACD-7962-ABA1-92F3C173F1F9}.Release|Any CPU.ActiveCfg = Release|Any CPU
		{858E1FF7-1ACD-7962-ABA1-92F3C173F1F9}.Release|Any CPU.Build.0 = Release|Any CPU
		{84FD572F-6582-917A-7221-1D300A25EB07}.Debug|Any CPU.ActiveCfg = Debug|Any CPU
		{84FD572F-6582-917A-7221-1D300A25EB07}.Debug|Any CPU.Build.0 = Debug|Any CPU
		{84FD572F-6582-917A-7221-1D300A25EB07}.Release|Any CPU.ActiveCfg = Release|Any CPU
		{84FD572F-6582-917A-7221-1D300A25EB07}.Release|Any CPU.Build.0 = Release|Any CPU
		{8230188F-A596-7432-F523-EAA3876ABC6A}.Debug|Any CPU.ActiveCfg = Debug|Any CPU
		{8230188F-A596-7432-F523-EAA3876ABC6A}.Debug|Any CPU.Build.0 = Debug|Any CPU
		{8230188F-A596-7432-F523-EAA3876ABC6A}.Release|Any CPU.ActiveCfg = Release|Any CPU
		{8230188F-A596-7432-F523-EAA3876ABC6A}.Release|Any CPU.Build.0 = Release|Any CPU
		{72463067-EE7B-F8F6-3A0A-65BA16849D92}.Debug|Any CPU.ActiveCfg = Debug|Any CPU
		{72463067-EE7B-F8F6-3A0A-65BA16849D92}.Debug|Any CPU.Build.0 = Debug|Any CPU
		{72463067-EE7B-F8F6-3A0A-65BA16849D92}.Release|Any CPU.ActiveCfg = Release|Any CPU
		{72463067-EE7B-F8F6-3A0A-65BA16849D92}.Release|Any CPU.Build.0 = Release|Any CPU
		{7C37584C-16BB-07DB-51DD-B2DCA7E3B887}.Debug|Any CPU.ActiveCfg = Debug|Any CPU
		{7C37584C-16BB-07DB-51DD-B2DCA7E3B887}.Debug|Any CPU.Build.0 = Debug|Any CPU
		{7C37584C-16BB-07DB-51DD-B2DCA7E3B887}.Release|Any CPU.ActiveCfg = Release|Any CPU
		{7C37584C-16BB-07DB-51DD-B2DCA7E3B887}.Release|Any CPU.Build.0 = Release|Any CPU
	EndGlobalSection
	GlobalSection(SolutionProperties) = preSolution
		HideSolutionNode = FALSE
	EndGlobalSection
EndGlobal
