
Microsoft Visual Studio Solution File, Format Version 12.00
# Visual Studio 15
Project("{FAE04EC0-301F-11D3-BF4B-00C04F79EFBC}") = "Oculus.Platform", "Oculus.Platform.csproj", "{9BC998EA-CEED-4FBF-FF2F-678824C223A9}"
EndProject
Project("{FAE04EC0-301F-11D3-BF4B-00C04F79EFBC}") = "Assembly-CSharp", "Assembly-CSharp.csproj", "{C4F71CCF-0883-D375-0177-C3249BFC8331}"
EndProject
Project("{FAE04EC0-301F-11D3-BF4B-00C04F79EFBC}") = "Oculus.Interaction", "Oculus.Interaction.csproj", "{3F5F3A9A-3A17-D4AD-B7C4-BA9BEEBE2086}"
EndProject
Project("{FAE04EC0-301F-11D3-BF4B-00C04F79EFBC}") = "Meta.WitAi", "Meta.WitAi.csproj", "{7F474C73-849D-1D2D-E571-9D80AB45E6E7}"
EndProject
Project("{FAE04EC0-301F-11D3-BF4B-00C04F79EFBC}") = "Oculus.VR", "Oculus.VR.csproj", "{02D5ED59-8C17-B325-C986-378EA2DB267F}"
EndProject
Project("{FAE04EC0-301F-11D3-BF4B-00C04F79EFBC}") = "VoiceSDK.Dictation.Runtime", "VoiceSDK.Dictation.Runtime.csproj", "{44D21F03-EA0F-2ADF-1FE9-318043703274}"
EndProject
Project("{FAE04EC0-301F-11D3-BF4B-00C04F79EFBC}") = "VoiceSDK.Runtime", "VoiceSDK.Runtime.csproj", "{146335E5-901B-28EC-035B-0C2A213567E7}"
EndProject
Project("{FAE04EC0-301F-11D3-BF4B-00C04F79EFBC}") = "Oculus.Interaction.OVR.Samples", "Oculus.Interaction.OVR.Samples.csproj", "{6DEF554C-F81B-BD40-A837-CE79025CD341}"
EndProject
Project("{FAE04EC0-301F-11D3-BF4B-00C04F79EFBC}") = "Meta.WitAi.TTS.Samples", "Meta.WitAi.TTS.Samples.csproj", "{CC4FB45B-F9F2-24B0-4B38-FF2F923DF9BA}"
EndProject
Project("{FAE04EC0-301F-11D3-BF4B-00C04F79EFBC}") = "Oculus.Voice.Demo", "Oculus.Voice.Demo.csproj", "{A35B6B2D-B003-75CF-A41D-68F75DDF696C}"
EndProject
Project("{FAE04EC0-301F-11D3-BF4B-00C04F79EFBC}") = "Meta.WitAi.Lib", "Meta.WitAi.Lib.csproj", "{74F42D18-B66C-BC58-2126-CA71CD733C00}"
EndProject
Project("{FAE04EC0-301F-11D3-BF4B-00C04F79EFBC}") = "Oculus.Interaction.OVR", "Oculus.Interaction.OVR.csproj", "{A12CB532-3526-D7DF-600A-F8C909130FF6}"
EndProject
Project("{FAE04EC0-301F-11D3-BF4B-00C04F79EFBC}") = "AssistantCoreSDKRuntime", "AssistantCoreSDKRuntime.csproj", "{F07E0B81-C43B-6130-AD18-DC25CC7CC6A9}"
EndProject
Project("{FAE04EC0-301F-11D3-BF4B-00C04F79EFBC}") = "Meta.WitAi.Conduit", "Meta.WitAi.Conduit.csproj", "{763D60E0-14E0-8779-A46C-1768197A3053}"
EndProject
Project("{FAE04EC0-301F-11D3-BF4B-00C04F79EFBC}") = "Oculus.AudioManager", "Oculus.AudioManager.csproj", "{40A9E90E-F647-CA31-1C79-20F95B0D6EF4}"
EndProject
Project("{FAE04EC0-301F-11D3-BF4B-00C04F79EFBC}") = "Oculus.LipSync", "Oculus.LipSync.csproj", "{BDEC293B-E4B5-7F20-1230-F14F1E95EA12}"
EndProject
Project("{FAE04EC0-301F-11D3-BF4B-00C04F79EFBC}") = "Oculus.Spatializer", "Oculus.Spatializer.csproj", "{F7775242-7E9B-C884-1A41-15C0234AF179}"
EndProject
Project("{FAE04EC0-301F-11D3-BF4B-00C04F79EFBC}") = "Meta.VoiceSDK.Mic.Other", "Meta.VoiceSDK.Mic.Other.csproj", "{A54A88DF-A5D8-0669-55F5-63B899E3696D}"
EndProject
Project("{FAE04EC0-301F-11D3-BF4B-00C04F79EFBC}") = "Meta.VoiceSDK.Mic.Common", "Meta.VoiceSDK.Mic.Common.csproj", "{475D3C75-43DE-0D45-CCC4-3D9A8334BB1E}"
EndProject
Project("{FAE04EC0-301F-11D3-BF4B-00C04F79EFBC}") = "Facebook.Wit.Dictation", "Facebook.Wit.Dictation.csproj", "{3C4C01BB-160D-80DC-5018-4AAA4668FF2B}"
EndProject
Project("{FAE04EC0-301F-11D3-BF4B-00C04F79EFBC}") = "Meta.WitAi.TTS", "Meta.WitAi.TTS.csproj", "{44D60B3E-2B88-2607-30ED-12657FBD8C98}"
EndProject
Project("{FAE04EC0-301F-11D3-BF4B-00C04F79EFBC}") = "Meta.WitAi.Editor", "Meta.WitAi.Editor.csproj", "{DE2478E9-F47E-42AE-37B5-BDBC5063B68E}"
EndProject
Project("{FAE04EC0-301F-11D3-BF4B-00C04F79EFBC}") = "Meta.WitAI.Lib.Editor", "Meta.WitAI.Lib.Editor.csproj", "{000FC52D-475F-3F16-9A6B-975B75D30B68}"
EndProject
Project("{FAE04EC0-301F-11D3-BF4B-00C04F79EFBC}") = "Oculus.VR.Editor", "Oculus.VR.Editor.csproj", "{20DFDB79-96B6-019B-0D2F-835392E1EA40}"
EndProject
Project("{FAE04EC0-301F-11D3-BF4B-00C04F79EFBC}") = "Meta.WitAi.Conduit.Editor", "Meta.WitAi.Conduit.Editor.csproj", "{4D1DB7B9-197F-02FB-721F-C44EAE7998B7}"
EndProject
Project("{FAE04EC0-301F-11D3-BF4B-00C04F79EFBC}") = "Oculus.Interaction.Editor", "Oculus.Interaction.Editor.csproj", "{930442A3-0FFC-60D3-4F18-B2951EAA5A3C}"
EndProject
Project("{FAE04EC0-301F-11D3-BF4B-00C04F79EFBC}") = "Oculus.Interaction.OVR.Editor", "Oculus.Interaction.OVR.Editor.csproj", "{FD00F867-ADA3-75FD-EF8C-9282E9EFDE74}"
EndProject
Project("{FAE04EC0-301F-11D3-BF4B-00C04F79EFBC}") = "Assembly-CSharp-Editor", "Assembly-CSharp-Editor.csproj", "{179D8CE5-0823-8786-CB0D-DB2F5E9A8C83}"
EndProject
Project("{FAE04EC0-301F-11D3-BF4B-00C04F79EFBC}") = "Oculus.VR.Scripts.Editor", "Oculus.VR.Scripts.Editor.csproj", "{A6C19E02-D508-A2F3-F16B-9F9C221623E5}"
EndProject
Project("{FAE04EC0-301F-11D3-BF4B-00C04F79EFBC}") = "Oculus.Spatializer.Editor", "Oculus.Spatializer.Editor.csproj", "{890FD635-F729-A1A5-960F-CAE8610791AD}"
EndProject
Project("{FAE04EC0-301F-11D3-BF4B-00C04F79EFBC}") = "Meta.WitAi.TTS.Editor", "Meta.WitAi.TTS.Editor.csproj", "{27CE1E65-0887-C3AC-5C47-4DB819B76D0E}"
EndProject
Project("{FAE04EC0-301F-11D3-BF4B-00C04F79EFBC}") = "VoiceSDK.Dictation.Editor", "VoiceSDK.Dictation.Editor.csproj", "{B731032D-F2F4-1742-6FEE-998FEA11F040}"
EndProject
Project("{FAE04EC0-301F-11D3-BF4B-00C04F79EFBC}") = "Oculus.Platform.Editor", "Oculus.Platform.Editor.csproj", "{0693A489-1BE8-BF0D-6F1D-513EB2559E5B}"
EndProject
Project("{FAE04EC0-301F-11D3-BF4B-00C04F79EFBC}") = "VoiceSDK.Editor", "VoiceSDK.Editor.csproj", "{BD029109-B8E8-F598-F223-9EEB28D7F77C}"
EndProject
Project("{FAE04EC0-301F-11D3-BF4B-00C04F79EFBC}") = "Oculus.AudioManager.Audio.Editor", "Oculus.AudioManager.Audio.Editor.csproj", "{398A6925-27DA-690B-0A4E-8ED44DAFE9F2}"
EndProject
Project("{FAE04EC0-301F-11D3-BF4B-00C04F79EFBC}") = "Oculus.LipSync.Editor", "Oculus.LipSync.Editor.csproj", "{42114AEE-E0E1-5634-A362-DD5233180293}"
EndProject
Project("{FAE04EC0-301F-11D3-BF4B-00C04F79EFBC}") = "Oculus.AudioManager.Utils.Editor", "Oculus.AudioManager.Utils.Editor.csproj", "{9D457F5E-5593-5AAE-2EDE-9CD445A9C440}"
EndProject
Project("{FAE04EC0-301F-11D3-BF4B-00C04F79EFBC}") = "Oculus.Interaction.Samples.Editor", "Oculus.Interaction.Samples.Editor.csproj", "{53E072FB-C11A-8366-B87C-2277D3AD55ED}"
EndProject
Project("{FAE04EC0-301F-11D3-BF4B-00C04F79EFBC}") = "Facebook.Wit.Dictation.Editor", "Facebook.Wit.Dictation.Editor.csproj", "{2C9A788F-9743-AE9D-66F9-8991BDCCC091}"
EndProject
Project("{FAE04EC0-301F-11D3-BF4B-00C04F79EFBC}") = "Oculus.Interaction.InterfaceSupport", "Oculus.Interaction.InterfaceSupport.csproj", "{F99BEA28-4A29-CDCB-5060-6B52DFC38BC0}"
EndProject
Project("{FAE04EC0-301F-11D3-BF4B-00C04F79EFBC}") = "AssistantCoreSDKEditor", "AssistantCoreSDKEditor.csproj", "{41688E44-5F0B-554E-35C5-F52F19BDC126}"
EndProject
Global
	GlobalSection(SolutionConfigurationPlatforms) = preSolution
		Debug|Any CPU = Debug|Any CPU
		Release|Any CPU = Release|Any CPU
	EndGlobalSection
	GlobalSection(ProjectConfigurationPlatforms) = postSolution
		{9BC998EA-CEED-4FBF-FF2F-678824C223A9}.Debug|Any CPU.ActiveCfg = Debug|Any CPU
		{9BC998EA-CEED-4FBF-FF2F-678824C223A9}.Debug|Any CPU.Build.0 = Debug|Any CPU
		{9BC998EA-CEED-4FBF-FF2F-678824C223A9}.Release|Any CPU.ActiveCfg = Release|Any CPU
		{9BC998EA-CEED-4FBF-FF2F-678824C223A9}.Release|Any CPU.Build.0 = Release|Any CPU
		{C4F71CCF-0883-D375-0177-C3249BFC8331}.Debug|Any CPU.ActiveCfg = Debug|Any CPU
		{C4F71CCF-0883-D375-0177-C3249BFC8331}.Debug|Any CPU.Build.0 = Debug|Any CPU
		{C4F71CCF-0883-D375-0177-C3249BFC8331}.Release|Any CPU.ActiveCfg = Release|Any CPU
		{C4F71CCF-0883-D375-0177-C3249BFC8331}.Release|Any CPU.Build.0 = Release|Any CPU
		{3F5F3A9A-3A17-D4AD-B7C4-BA9BEEBE2086}.Debug|Any CPU.ActiveCfg = Debug|Any CPU
		{3F5F3A9A-3A17-D4AD-B7C4-BA9BEEBE2086}.Debug|Any CPU.Build.0 = Debug|Any CPU
		{3F5F3A9A-3A17-D4AD-B7C4-BA9BEEBE2086}.Release|Any CPU.ActiveCfg = Release|Any CPU
		{3F5F3A9A-3A17-D4AD-B7C4-BA9BEEBE2086}.Release|Any CPU.Build.0 = Release|Any CPU
		{7F474C73-849D-1D2D-E571-9D80AB45E6E7}.Debug|Any CPU.ActiveCfg = Debug|Any CPU
		{7F474C73-849D-1D2D-E571-9D80AB45E6E7}.Debug|Any CPU.Build.0 = Debug|Any CPU
		{7F474C73-849D-1D2D-E571-9D80AB45E6E7}.Release|Any CPU.ActiveCfg = Release|Any CPU
		{7F474C73-849D-1D2D-E571-9D80AB45E6E7}.Release|Any CPU.Build.0 = Release|Any CPU
		{02D5ED59-8C17-B325-C986-378EA2DB267F}.Debug|Any CPU.ActiveCfg = Debug|Any CPU
		{02D5ED59-8C17-B325-C986-378EA2DB267F}.Debug|Any CPU.Build.0 = Debug|Any CPU
		{02D5ED59-8C17-B325-C986-378EA2DB267F}.Release|Any CPU.ActiveCfg = Release|Any CPU
		{02D5ED59-8C17-B325-C986-378EA2DB267F}.Release|Any CPU.Build.0 = Release|Any CPU
		{44D21F03-EA0F-2ADF-1FE9-318043703274}.Debug|Any CPU.ActiveCfg = Debug|Any CPU
		{44D21F03-EA0F-2ADF-1FE9-318043703274}.Debug|Any CPU.Build.0 = Debug|Any CPU
		{44D21F03-EA0F-2ADF-1FE9-318043703274}.Release|Any CPU.ActiveCfg = Release|Any CPU
		{44D21F03-EA0F-2ADF-1FE9-318043703274}.Release|Any CPU.Build.0 = Release|Any CPU
		{146335E5-901B-28EC-035B-0C2A213567E7}.Debug|Any CPU.ActiveCfg = Debug|Any CPU
		{146335E5-901B-28EC-035B-0C2A213567E7}.Debug|Any CPU.Build.0 = Debug|Any CPU
		{146335E5-901B-28EC-035B-0C2A213567E7}.Release|Any CPU.ActiveCfg = Release|Any CPU
		{146335E5-901B-28EC-035B-0C2A213567E7}.Release|Any CPU.Build.0 = Release|Any CPU
		{6DEF554C-F81B-BD40-A837-CE79025CD341}.Debug|Any CPU.ActiveCfg = Debug|Any CPU
		{6DEF554C-F81B-BD40-A837-CE79025CD341}.Debug|Any CPU.Build.0 = Debug|Any CPU
		{6DEF554C-F81B-BD40-A837-CE79025CD341}.Release|Any CPU.ActiveCfg = Release|Any CPU
		{6DEF554C-F81B-BD40-A837-CE79025CD341}.Release|Any CPU.Build.0 = Release|Any CPU
		{CC4FB45B-F9F2-24B0-4B38-FF2F923DF9BA}.Debug|Any CPU.ActiveCfg = Debug|Any CPU
		{CC4FB45B-F9F2-24B0-4B38-FF2F923DF9BA}.Debug|Any CPU.Build.0 = Debug|Any CPU
		{CC4FB45B-F9F2-24B0-4B38-FF2F923DF9BA}.Release|Any CPU.ActiveCfg = Release|Any CPU
		{CC4FB45B-F9F2-24B0-4B38-FF2F923DF9BA}.Release|Any CPU.Build.0 = Release|Any CPU
		{A35B6B2D-B003-75CF-A41D-68F75DDF696C}.Debug|Any CPU.ActiveCfg = Debug|Any CPU
		{A35B6B2D-B003-75CF-A41D-68F75DDF696C}.Debug|Any CPU.Build.0 = Debug|Any CPU
		{A35B6B2D-B003-75CF-A41D-68F75DDF696C}.Release|Any CPU.ActiveCfg = Release|Any CPU
		{A35B6B2D-B003-75CF-A41D-68F75DDF696C}.Release|Any CPU.Build.0 = Release|Any CPU
		{74F42D18-B66C-BC58-2126-CA71CD733C00}.Debug|Any CPU.ActiveCfg = Debug|Any CPU
		{74F42D18-B66C-BC58-2126-CA71CD733C00}.Debug|Any CPU.Build.0 = Debug|Any CPU
		{74F42D18-B66C-BC58-2126-CA71CD733C00}.Release|Any CPU.ActiveCfg = Release|Any CPU
		{74F42D18-B66C-BC58-2126-CA71CD733C00}.Release|Any CPU.Build.0 = Release|Any CPU
		{A12CB532-3526-D7DF-600A-F8C909130FF6}.Debug|Any CPU.ActiveCfg = Debug|Any CPU
		{A12CB532-3526-D7DF-600A-F8C909130FF6}.Debug|Any CPU.Build.0 = Debug|Any CPU
		{A12CB532-3526-D7DF-600A-F8C909130FF6}.Release|Any CPU.ActiveCfg = Release|Any CPU
		{A12CB532-3526-D7DF-600A-F8C909130FF6}.Release|Any CPU.Build.0 = Release|Any CPU
		{F07E0B81-C43B-6130-AD18-DC25CC7CC6A9}.Debug|Any CPU.ActiveCfg = Debug|Any CPU
		{F07E0B81-C43B-6130-AD18-DC25CC7CC6A9}.Debug|Any CPU.Build.0 = Debug|Any CPU
		{F07E0B81-C43B-6130-AD18-DC25CC7CC6A9}.Release|Any CPU.ActiveCfg = Release|Any CPU
		{F07E0B81-C43B-6130-AD18-DC25CC7CC6A9}.Release|Any CPU.Build.0 = Release|Any CPU
		{763D60E0-14E0-8779-A46C-1768197A3053}.Debug|Any CPU.ActiveCfg = Debug|Any CPU
		{763D60E0-14E0-8779-A46C-1768197A3053}.Debug|Any CPU.Build.0 = Debug|Any CPU
		{763D60E0-14E0-8779-A46C-1768197A3053}.Release|Any CPU.ActiveCfg = Release|Any CPU
		{763D60E0-14E0-8779-A46C-1768197A3053}.Release|Any CPU.Build.0 = Release|Any CPU
		{40A9E90E-F647-CA31-1C79-20F95B0D6EF4}.Debug|Any CPU.ActiveCfg = Debug|Any CPU
		{40A9E90E-F647-CA31-1C79-20F95B0D6EF4}.Debug|Any CPU.Build.0 = Debug|Any CPU
		{40A9E90E-F647-CA31-1C79-20F95B0D6EF4}.Release|Any CPU.ActiveCfg = Release|Any CPU
		{40A9E90E-F647-CA31-1C79-20F95B0D6EF4}.Release|Any CPU.Build.0 = Release|Any CPU
		{BDEC293B-E4B5-7F20-1230-F14F1E95EA12}.Debug|Any CPU.ActiveCfg = Debug|Any CPU
		{BDEC293B-E4B5-7F20-1230-F14F1E95EA12}.Debug|Any CPU.Build.0 = Debug|Any CPU
		{BDEC293B-E4B5-7F20-1230-F14F1E95EA12}.Release|Any CPU.ActiveCfg = Release|Any CPU
		{BDEC293B-E4B5-7F20-1230-F14F1E95EA12}.Release|Any CPU.Build.0 = Release|Any CPU
		{F7775242-7E9B-C884-1A41-15C0234AF179}.Debug|Any CPU.ActiveCfg = Debug|Any CPU
		{F7775242-7E9B-C884-1A41-15C0234AF179}.Debug|Any CPU.Build.0 = Debug|Any CPU
		{F7775242-7E9B-C884-1A41-15C0234AF179}.Release|Any CPU.ActiveCfg = Release|Any CPU
		{F7775242-7E9B-C884-1A41-15C0234AF179}.Release|Any CPU.Build.0 = Release|Any CPU
		{A54A88DF-A5D8-0669-55F5-63B899E3696D}.Debug|Any CPU.ActiveCfg = Debug|Any CPU
		{A54A88DF-A5D8-0669-55F5-63B899E3696D}.Debug|Any CPU.Build.0 = Debug|Any CPU
		{A54A88DF-A5D8-0669-55F5-63B899E3696D}.Release|Any CPU.ActiveCfg = Release|Any CPU
		{A54A88DF-A5D8-0669-55F5-63B899E3696D}.Release|Any CPU.Build.0 = Release|Any CPU
		{475D3C75-43DE-0D45-CCC4-3D9A8334BB1E}.Debug|Any CPU.ActiveCfg = Debug|Any CPU
		{475D3C75-43DE-0D45-CCC4-3D9A8334BB1E}.Debug|Any CPU.Build.0 = Debug|Any CPU
		{475D3C75-43DE-0D45-CCC4-3D9A8334BB1E}.Release|Any CPU.ActiveCfg = Release|Any CPU
		{475D3C75-43DE-0D45-CCC4-3D9A8334BB1E}.Release|Any CPU.Build.0 = Release|Any CPU
		{3C4C01BB-160D-80DC-5018-4AAA4668FF2B}.Debug|Any CPU.ActiveCfg = Debug|Any CPU
		{3C4C01BB-160D-80DC-5018-4AAA4668FF2B}.Debug|Any CPU.Build.0 = Debug|Any CPU
		{3C4C01BB-160D-80DC-5018-4AAA4668FF2B}.Release|Any CPU.ActiveCfg = Release|Any CPU
		{3C4C01BB-160D-80DC-5018-4AAA4668FF2B}.Release|Any CPU.Build.0 = Release|Any CPU
		{44D60B3E-2B88-2607-30ED-12657FBD8C98}.Debug|Any CPU.ActiveCfg = Debug|Any CPU
		{44D60B3E-2B88-2607-30ED-12657FBD8C98}.Debug|Any CPU.Build.0 = Debug|Any CPU
		{44D60B3E-2B88-2607-30ED-12657FBD8C98}.Release|Any CPU.ActiveCfg = Release|Any CPU
		{44D60B3E-2B88-2607-30ED-12657FBD8C98}.Release|Any CPU.Build.0 = Release|Any CPU
		{DE2478E9-F47E-42AE-37B5-BDBC5063B68E}.Debug|Any CPU.ActiveCfg = Debug|Any CPU
		{DE2478E9-F47E-42AE-37B5-BDBC5063B68E}.Debug|Any CPU.Build.0 = Debug|Any CPU
		{DE2478E9-F47E-42AE-37B5-BDBC5063B68E}.Release|Any CPU.ActiveCfg = Release|Any CPU
		{DE2478E9-F47E-42AE-37B5-BDBC5063B68E}.Release|Any CPU.Build.0 = Release|Any CPU
		{000FC52D-475F-3F16-9A6B-975B75D30B68}.Debug|Any CPU.ActiveCfg = Debug|Any CPU
		{000FC52D-475F-3F16-9A6B-975B75D30B68}.Debug|Any CPU.Build.0 = Debug|Any CPU
		{000FC52D-475F-3F16-9A6B-975B75D30B68}.Release|Any CPU.ActiveCfg = Release|Any CPU
		{000FC52D-475F-3F16-9A6B-975B75D30B68}.Release|Any CPU.Build.0 = Release|Any CPU
		{20DFDB79-96B6-019B-0D2F-835392E1EA40}.Debug|Any CPU.ActiveCfg = Debug|Any CPU
		{20DFDB79-96B6-019B-0D2F-835392E1EA40}.Debug|Any CPU.Build.0 = Debug|Any CPU
		{20DFDB79-96B6-019B-0D2F-835392E1EA40}.Release|Any CPU.ActiveCfg = Release|Any CPU
		{20DFDB79-96B6-019B-0D2F-835392E1EA40}.Release|Any CPU.Build.0 = Release|Any CPU
		{4D1DB7B9-197F-02FB-721F-C44EAE7998B7}.Debug|Any CPU.ActiveCfg = Debug|Any CPU
		{4D1DB7B9-197F-02FB-721F-C44EAE7998B7}.Debug|Any CPU.Build.0 = Debug|Any CPU
		{4D1DB7B9-197F-02FB-721F-C44EAE7998B7}.Release|Any CPU.ActiveCfg = Release|Any CPU
		{4D1DB7B9-197F-02FB-721F-C44EAE7998B7}.Release|Any CPU.Build.0 = Release|Any CPU
		{930442A3-0FFC-60D3-4F18-B2951EAA5A3C}.Debug|Any CPU.ActiveCfg = Debug|Any CPU
		{930442A3-0FFC-60D3-4F18-B2951EAA5A3C}.Debug|Any CPU.Build.0 = Debug|Any CPU
		{930442A3-0FFC-60D3-4F18-B2951EAA5A3C}.Release|Any CPU.ActiveCfg = Release|Any CPU
		{930442A3-0FFC-60D3-4F18-B2951EAA5A3C}.Release|Any CPU.Build.0 = Release|Any CPU
		{FD00F867-ADA3-75FD-EF8C-9282E9EFDE74}.Debug|Any CPU.ActiveCfg = Debug|Any CPU
		{FD00F867-ADA3-75FD-EF8C-9282E9EFDE74}.Debug|Any CPU.Build.0 = Debug|Any CPU
		{FD00F867-ADA3-75FD-EF8C-9282E9EFDE74}.Release|Any CPU.ActiveCfg = Release|Any CPU
		{FD00F867-ADA3-75FD-EF8C-9282E9EFDE74}.Release|Any CPU.Build.0 = Release|Any CPU
		{179D8CE5-0823-8786-CB0D-DB2F5E9A8C83}.Debug|Any CPU.ActiveCfg = Debug|Any CPU
		{179D8CE5-0823-8786-CB0D-DB2F5E9A8C83}.Debug|Any CPU.Build.0 = Debug|Any CPU
		{179D8CE5-0823-8786-CB0D-DB2F5E9A8C83}.Release|Any CPU.ActiveCfg = Release|Any CPU
		{179D8CE5-0823-8786-CB0D-DB2F5E9A8C83}.Release|Any CPU.Build.0 = Release|Any CPU
		{A6C19E02-D508-A2F3-F16B-9F9C221623E5}.Debug|Any CPU.ActiveCfg = Debug|Any CPU
		{A6C19E02-D508-A2F3-F16B-9F9C221623E5}.Debug|Any CPU.Build.0 = Debug|Any CPU
		{A6C19E02-D508-A2F3-F16B-9F9C221623E5}.Release|Any CPU.ActiveCfg = Release|Any CPU
		{A6C19E02-D508-A2F3-F16B-9F9C221623E5}.Release|Any CPU.Build.0 = Release|Any CPU
		{890FD635-F729-A1A5-960F-CAE8610791AD}.Debug|Any CPU.ActiveCfg = Debug|Any CPU
		{890FD635-F729-A1A5-960F-CAE8610791AD}.Debug|Any CPU.Build.0 = Debug|Any CPU
		{890FD635-F729-A1A5-960F-CAE8610791AD}.Release|Any CPU.ActiveCfg = Release|Any CPU
		{890FD635-F729-A1A5-960F-CAE8610791AD}.Release|Any CPU.Build.0 = Release|Any CPU
		{27CE1E65-0887-C3AC-5C47-4DB819B76D0E}.Debug|Any CPU.ActiveCfg = Debug|Any CPU
		{27CE1E65-0887-C3AC-5C47-4DB819B76D0E}.Debug|Any CPU.Build.0 = Debug|Any CPU
		{27CE1E65-0887-C3AC-5C47-4DB819B76D0E}.Release|Any CPU.ActiveCfg = Release|Any CPU
		{27CE1E65-0887-C3AC-5C47-4DB819B76D0E}.Release|Any CPU.Build.0 = Release|Any CPU
		{B731032D-F2F4-1742-6FEE-998FEA11F040}.Debug|Any CPU.ActiveCfg = Debug|Any CPU
		{B731032D-F2F4-1742-6FEE-998FEA11F040}.Debug|Any CPU.Build.0 = Debug|Any CPU
		{B731032D-F2F4-1742-6FEE-998FEA11F040}.Release|Any CPU.ActiveCfg = Release|Any CPU
		{B731032D-F2F4-1742-6FEE-998FEA11F040}.Release|Any CPU.Build.0 = Release|Any CPU
		{0693A489-1BE8-BF0D-6F1D-513EB2559E5B}.Debug|Any CPU.ActiveCfg = Debug|Any CPU
		{0693A489-1BE8-BF0D-6F1D-513EB2559E5B}.Debug|Any CPU.Build.0 = Debug|Any CPU
		{0693A489-1BE8-BF0D-6F1D-513EB2559E5B}.Release|Any CPU.ActiveCfg = Release|Any CPU
		{0693A489-1BE8-BF0D-6F1D-513EB2559E5B}.Release|Any CPU.Build.0 = Release|Any CPU
		{BD029109-B8E8-F598-F223-9EEB28D7F77C}.Debug|Any CPU.ActiveCfg = Debug|Any CPU
		{BD029109-B8E8-F598-F223-9EEB28D7F77C}.Debug|Any CPU.Build.0 = Debug|Any CPU
		{BD029109-B8E8-F598-F223-9EEB28D7F77C}.Release|Any CPU.ActiveCfg = Release|Any CPU
		{BD029109-B8E8-F598-F223-9EEB28D7F77C}.Release|Any CPU.Build.0 = Release|Any CPU
		{398A6925-27DA-690B-0A4E-8ED44DAFE9F2}.Debug|Any CPU.ActiveCfg = Debug|Any CPU
		{398A6925-27DA-690B-0A4E-8ED44DAFE9F2}.Debug|Any CPU.Build.0 = Debug|Any CPU
		{398A6925-27DA-690B-0A4E-8ED44DAFE9F2}.Release|Any CPU.ActiveCfg = Release|Any CPU
		{398A6925-27DA-690B-0A4E-8ED44DAFE9F2}.Release|Any CPU.Build.0 = Release|Any CPU
		{42114AEE-E0E1-5634-A362-DD5233180293}.Debug|Any CPU.ActiveCfg = Debug|Any CPU
		{42114AEE-E0E1-5634-A362-DD5233180293}.Debug|Any CPU.Build.0 = Debug|Any CPU
		{42114AEE-E0E1-5634-A362-DD5233180293}.Release|Any CPU.ActiveCfg = Release|Any CPU
		{42114AEE-E0E1-5634-A362-DD5233180293}.Release|Any CPU.Build.0 = Release|Any CPU
		{9D457F5E-5593-5AAE-2EDE-9CD445A9C440}.Debug|Any CPU.ActiveCfg = Debug|Any CPU
		{9D457F5E-5593-5AAE-2EDE-9CD445A9C440}.Debug|Any CPU.Build.0 = Debug|Any CPU
		{9D457F5E-5593-5AAE-2EDE-9CD445A9C440}.Release|Any CPU.ActiveCfg = Release|Any CPU
		{9D457F5E-5593-5AAE-2EDE-9CD445A9C440}.Release|Any CPU.Build.0 = Release|Any CPU
		{53E072FB-C11A-8366-B87C-2277D3AD55ED}.Debug|Any CPU.ActiveCfg = Debug|Any CPU
		{53E072FB-C11A-8366-B87C-2277D3AD55ED}.Debug|Any CPU.Build.0 = Debug|Any CPU
		{53E072FB-C11A-8366-B87C-2277D3AD55ED}.Release|Any CPU.ActiveCfg = Release|Any CPU
		{53E072FB-C11A-8366-B87C-2277D3AD55ED}.Release|Any CPU.Build.0 = Release|Any CPU
		{2C9A788F-9743-AE9D-66F9-8991BDCCC091}.Debug|Any CPU.ActiveCfg = Debug|Any CPU
		{2C9A788F-9743-AE9D-66F9-8991BDCCC091}.Debug|Any CPU.Build.0 = Debug|Any CPU
		{2C9A788F-9743-AE9D-66F9-8991BDCCC091}.Release|Any CPU.ActiveCfg = Release|Any CPU
		{2C9A788F-9743-AE9D-66F9-8991BDCCC091}.Release|Any CPU.Build.0 = Release|Any CPU
		{F99BEA28-4A29-CDCB-5060-6B52DFC38BC0}.Debug|Any CPU.ActiveCfg = Debug|Any CPU
		{F99BEA28-4A29-CDCB-5060-6B52DFC38BC0}.Debug|Any CPU.Build.0 = Debug|Any CPU
		{F99BEA28-4A29-CDCB-5060-6B52DFC38BC0}.Release|Any CPU.ActiveCfg = Release|Any CPU
		{F99BEA28-4A29-CDCB-5060-6B52DFC38BC0}.Release|Any CPU.Build.0 = Release|Any CPU
		{41688E44-5F0B-554E-35C5-F52F19BDC126}.Debug|Any CPU.ActiveCfg = Debug|Any CPU
		{41688E44-5F0B-554E-35C5-F52F19BDC126}.Debug|Any CPU.Build.0 = Debug|Any CPU
		{41688E44-5F0B-554E-35C5-F52F19BDC126}.Release|Any CPU.ActiveCfg = Release|Any CPU
		{41688E44-5F0B-554E-35C5-F52F19BDC126}.Release|Any CPU.Build.0 = Release|Any CPU
	EndGlobalSection
	GlobalSection(SolutionProperties) = preSolution
		HideSolutionNode = FALSE
	EndGlobalSection
EndGlobal
